
Microsoft Visual Studio Solution File, Format Version 12.00
# Visual Studio 15
VisualStudioVersion = 15.0.27004.2009
MinimumVisualStudioVersion = 10.0.40219.1
Project("{8BC9CEB8-8B4A-11D0-8D11-00A0C91BC942}") = "Import Eksport Table", "Import Eksport Table\Import Eksport Table.vcxproj", "{72010B05-4E43-4E69-BA1F-DED39F7FFBCF}"
EndProject
Global
	GlobalSection(SolutionConfigurationPlatforms) = preSolution
		Debug|x64 = Debug|x64
		Debug|x86 = Debug|x86
		Release|x64 = Release|x64
		Release|x86 = Release|x86
	EndGlobalSection
	GlobalSection(ProjectConfigurationPlatforms) = postSolution
		{72010B05-4E43-4E69-BA1F-DED39F7FFBCF}.Debug|x64.ActiveCfg = Debug|x64
		{72010B05-4E43-4E69-BA1F-DED39F7FFBCF}.Debug|x64.Build.0 = Debug|x64
		{72010B05-4E43-4E69-BA1F-DED39F7FFBCF}.Debug|x86.ActiveCfg = Debug|Win32
		{72010B05-4E43-4E69-BA1F-DED39F7FFBCF}.Debug|x86.Build.0 = Debug|Win32
		{72010B05-4E43-4E69-BA1F-DED39F7FFBCF}.Release|x64.ActiveCfg = Release|x64
		{72010B05-4E43-4E69-BA1F-DED39F7FFBCF}.Release|x64.Build.0 = Release|x64
		{72010B05-4E43-4E69-BA1F-DED39F7FFBCF}.Release|x86.ActiveCfg = Release|Win32
		{72010B05-4E43-4E69-BA1F-DED39F7FFBCF}.Release|x86.Build.0 = Release|Win32
	EndGlobalSection
	GlobalSection(SolutionProperties) = preSolution
		HideSolutionNode = FALSE
	EndGlobalSection
	GlobalSection(ExtensibilityGlobals) = postSolution
		SolutionGuid = {087131DE-200C-4DF3-8CB4-F0C1FB3B3EF6}
	EndGlobalSection
EndGlobal
